
Microsoft Visual Studio Solution File, Format Version 12.00
# Visual Studio 15
VisualStudioVersion = 15.0.28307.168
MinimumVisualStudioVersion = 10.0.40219.1
Project("{FAE04EC0-301F-11D3-BF4B-00C04F79EFBC}") = "EntidadesCompartidas", "EntidadesCompartidas\EntidadesCompartidas.csproj", "{56609931-3974-4453-8CAB-32E9AFC7A969}"
EndProject
Project("{FAE04EC0-301F-11D3-BF4B-00C04F79EFBC}") = "Persistencia", "Persistencia\Persistencia.csproj", "{D93ABD21-0723-44AD-B2BD-A3B6D26EEAD8}"
EndProject
Project("{FAE04EC0-301F-11D3-BF4B-00C04F79EFBC}") = "Logica", "Logica\Logica.csproj", "{9F44A54D-DC39-4811-B359-7F7F4A8BB945}"
EndProject
Project("{FAE04EC0-301F-11D3-BF4B-00C04F79EFBC}") = "Presentacion", "Presentacion\Presentacion.csproj", "{C7637679-80E3-4687-9E53-DA08F02851C8}"
EndProject
Global
	GlobalSection(SolutionConfigurationPlatforms) = preSolution
		Debug|Any CPU = Debug|Any CPU
		Release|Any CPU = Release|Any CPU
	EndGlobalSection
	GlobalSection(ProjectConfigurationPlatforms) = postSolution
		{56609931-3974-4453-8CAB-32E9AFC7A969}.Debug|Any CPU.ActiveCfg = Debug|Any CPU
		{56609931-3974-4453-8CAB-32E9AFC7A969}.Debug|Any CPU.Build.0 = Debug|Any CPU
		{56609931-3974-4453-8CAB-32E9AFC7A969}.Release|Any CPU.ActiveCfg = Release|Any CPU
		{56609931-3974-4453-8CAB-32E9AFC7A969}.Release|Any CPU.Build.0 = Release|Any CPU
		{D93ABD21-0723-44AD-B2BD-A3B6D26EEAD8}.Debug|Any CPU.ActiveCfg = Debug|Any CPU
		{D93ABD21-0723-44AD-B2BD-A3B6D26EEAD8}.Debug|Any CPU.Build.0 = Debug|Any CPU
		{D93ABD21-0723-44AD-B2BD-A3B6D26EEAD8}.Release|Any CPU.ActiveCfg = Release|Any CPU
		{D93ABD21-0723-44AD-B2BD-A3B6D26EEAD8}.Release|Any CPU.Build.0 = Release|Any CPU
		{9F44A54D-DC39-4811-B359-7F7F4A8BB945}.Debug|Any CPU.ActiveCfg = Debug|Any CPU
		{9F44A54D-DC39-4811-B359-7F7F4A8BB945}.Debug|Any CPU.Build.0 = Debug|Any CPU
		{9F44A54D-DC39-4811-B359-7F7F4A8BB945}.Release|Any CPU.ActiveCfg = Release|Any CPU
		{9F44A54D-DC39-4811-B359-7F7F4A8BB945}.Release|Any CPU.Build.0 = Release|Any CPU
		{C7637679-80E3-4687-9E53-DA08F02851C8}.Debug|Any CPU.ActiveCfg = Debug|Any CPU
		{C7637679-80E3-4687-9E53-DA08F02851C8}.Debug|Any CPU.Build.0 = Debug|Any CPU
		{C7637679-80E3-4687-9E53-DA08F02851C8}.Release|Any CPU.ActiveCfg = Release|Any CPU
		{C7637679-80E3-4687-9E53-DA08F02851C8}.Release|Any CPU.Build.0 = Release|Any CPU
	EndGlobalSection
	GlobalSection(SolutionProperties) = preSolution
		HideSolutionNode = FALSE
	EndGlobalSection
	GlobalSection(ExtensibilityGlobals) = postSolution
		SolutionGuid = {F27E9CB1-7B1C-477A-AAD2-93F717C3FF75}
	EndGlobalSection
EndGlobal
